
Microsoft Visual Studio Solution File, Format Version 12.00
# Visual Studio Version 16
VisualStudioVersion = 16.0.30011.22
MinimumVisualStudioVersion = 10.0.40219.1
Project("{FAE04EC0-301F-11D3-BF4B-00C04F79EFBC}") = "wuwh.DdnsSvr", "wuwh.DdnsSvr.csproj", "{A3E16C1E-1139-4E04-B0C7-E887F12D3F93}"
EndProject
Global
	GlobalSection(SolutionConfigurationPlatforms) = preSolution
		Debug|Any CPU = Debug|Any CPU
		Release|Any CPU = Release|Any CPU
	EndGlobalSection
	GlobalSection(ProjectConfigurationPlatforms) = postSolution
		{A3E16C1E-1139-4E04-B0C7-E887F12D3F93}.Debug|Any CPU.ActiveCfg = Debug|Any CPU
		{A3E16C1E-1139-4E04-B0C7-E887F12D3F93}.Debug|Any CPU.Build.0 = Debug|Any CPU
		{A3E16C1E-1139-4E04-B0C7-E887F12D3F93}.Release|Any CPU.ActiveCfg = Release|Any CPU
		{A3E16C1E-1139-4E04-B0C7-E887F12D3F93}.Release|Any CPU.Build.0 = Release|Any CPU
	EndGlobalSection
	GlobalSection(SolutionProperties) = preSolution
		HideSolutionNode = FALSE
	EndGlobalSection
	GlobalSection(ExtensibilityGlobals) = postSolution
		SolutionGuid = {74247C18-42B6-4D3A-B17C-097429A87E8B}
	EndGlobalSection
EndGlobal
